// !$*UTF8*$!
{
	archiveVersion = 1;
	classes = {
	};
	objectVersion = 46;
	objects = {

/* Begin PBXBuildFile section */
		22821E861DDFC31100063F87 /* main.m in Sources */ = {isa = PBXBuildFile; fileRef = 22821E851DDFC31100063F87 /* main.m */; };
		22821E891DDFC31100063F87 /* AppDelegate.m in Sources */ = {isa = PBXBuildFile; fileRef = 22821E881DDFC31100063F87 /* AppDelegate.m */; };
		22821E8C1DDFC31100063F87 /* ViewController.m in Sources */ = {isa = PBXBuildFile; fileRef = 22821E8B1DDFC31100063F87 /* ViewController.m */; };
		22821E8F1DDFC31100063F87 /* Main.storyboard in Resources */ = {isa = PBXBuildFile; fileRef = 22821E8D1DDFC31100063F87 /* Main.storyboard */; };
		22821E911DDFC31100063F87 /* Assets.xcassets in Resources */ = {isa = PBXBuildFile; fileRef = 22821E901DDFC31100063F87 /* Assets.xcassets */; };
		22821E941DDFC31100063F87 /* LaunchScreen.storyboard in Resources */ = {isa = PBXBuildFile; fileRef = 22821E921DDFC31100063F87 /* LaunchScreen.storyboard */; };
		22821E9F1DDFC31100063F87 /* AudioTests.m in Sources */ = {isa = PBXBuildFile; fileRef = 22821E9E1DDFC31100063F87 /* AudioTests.m */; };
/* End PBXBuildFile section */

/* Begin PBXContainerItemProxy section */
		22821E9B1DDFC31100063F87 /* PBXContainerItemProxy */ = {
			isa = PBXContainerItemProxy;
			containerPortal = 22821E791DDFC31100063F87 /* Project object */;
			proxyType = 1;
			remoteGlobalIDString = 22821E801DDFC31100063F87;
			remoteInfo = Audio;
		};
/* End PBXContainerItemProxy section */

/* Begin PBXFileReference section */
		22821E811DDFC31100063F87 /* Audio.app */ = {isa = PBXFileReference; explicitFileType = wrapper.application; includeInIndex = 0; path = Audio.app; sourceTree = BUILT_PRODUCTS_DIR; };
		22821E851DDFC31100063F87 /* main.m */ = {isa = PBXFileReference; lastKnownFileType = sourcecode.c.objc; path = main.m; sourceTree = "<group>"; };
		22821E871DDFC31100063F87 /* AppDelegate.h */ = {isa = PBXFileReference; lastKnownFileType = sourcecode.c.h; path = AppDelegate.h; sourceTree = "<group>"; };
		22821E881DDFC31100063F87 /* AppDelegate.m */ = {isa = PBXFileReference; lastKnownFileType = sourcecode.c.objc; path = AppDelegate.m; sourceTree = "<group>"; };
		22821E8A1DDFC31100063F87 /* ViewController.h */ = {isa = PBXFileReference; lastKnownFileType = sourcecode.c.h; path = ViewController.h; sourceTree = "<group>"; };
		22821E8B1DDFC31100063F87 /* ViewController.m */ = {isa = PBXFileReference; lastKnownFileType = sourcecode.c.objc; path = ViewController.m; sourceTree = "<group>"; };
		22821E8E1DDFC31100063F87 /* Base */ = {isa = PBXFileReference; lastKnownFileType = file.storyboard; name = Base; path = Base.lproj/Main.storyboard; sourceTree = "<group>"; };
		22821E901DDFC31100063F87 /* Assets.xcassets */ = {isa = PBXFileReference; lastKnownFileType = folder.assetcatalog; path = Assets.xcassets; sourceTree = "<group>"; };
		22821E931DDFC31100063F87 /* Base */ = {isa = PBXFileReference; lastKnownFileType = file.storyboard; name = Base; path = Base.lproj/LaunchScreen.storyboard; sourceTree = "<group>"; };
		22821E951DDFC31100063F87 /* Info.plist */ = {isa = PBXFileReference; lastKnownFileType = text.plist.xml; path = Info.plist; sourceTree = "<group>"; };
		22821E9A1DDFC31100063F87 /* AudioTests.xctest */ = {isa = PBXFileReference; explicitFileType = wrapper.cfbundle; includeInIndex = 0; path = AudioTests.xctest; sourceTree = BUILT_PRODUCTS_DIR; };
		22821E9E1DDFC31100063F87 /* AudioTests.m */ = {isa = PBXFileReference; lastKnownFileType = sourcecode.c.objc; path = AudioTests.m; sourceTree = "<group>"; };
		22821EA01DDFC31100063F87 /* Info.plist */ = {isa = PBXFileReference; lastKnownFileType = text.plist.xml; path = Info.plist; sourceTree = "<group>"; };
/* End PBXFileReference section */

/* Begin PBXFrameworksBuildPhase section */
		22821E7E1DDFC31100063F87 /* Frameworks */ = {
			isa = PBXFrameworksBuildPhase;
			buildActionMask = 2147483647;
			files = (
			);
			runOnlyForDeploymentPostprocessing = 0;
		};
		22821E971DDFC31100063F87 /* Frameworks */ = {
			isa = PBXFrameworksBuildPhase;
			buildActionMask = 2147483647;
			files = (
			);
			runOnlyForDeploymentPostprocessing = 0;
		};
/* End PBXFrameworksBuildPhase section */

/* Begin PBXGroup section */
		22821E781DDFC31100063F87 = {
			isa = PBXGroup;
			children = (
				22821E831DDFC31100063F87 /* Audio */,
				22821E9D1DDFC31100063F87 /* AudioTests */,
				22821E821DDFC31100063F87 /* Products */,
			);
			sourceTree = "<group>";
		};
		22821E821DDFC31100063F87 /* Products */ = {
			isa = PBXGroup;
			children = (
				22821E811DDFC31100063F87 /* Audio.app */,
				22821E9A1DDFC31100063F87 /* AudioTests.xctest */,
			);
			name = Products;
			sourceTree = "<group>";
		};
		22821E831DDFC31100063F87 /* Audio */ = {
			isa = PBXGroup;
			children = (
				22821E871DDFC31100063F87 /* AppDelegate.h */,
				22821E881DDFC31100063F87 /* AppDelegate.m */,
				22821E8A1DDFC31100063F87 /* ViewController.h */,
				22821E8B1DDFC31100063F87 /* ViewController.m */,
				22821E8D1DDFC31100063F87 /* Main.storyboard */,
				22821E901DDFC31100063F87 /* Assets.xcassets */,
				22821E921DDFC31100063F87 /* LaunchScreen.storyboard */,
				22821E951DDFC31100063F87 /* Info.plist */,
				22821E841DDFC31100063F87 /* Supporting Files */,
			);
			path = Audio;
			sourceTree = "<group>";
		};
		22821E841DDFC31100063F87 /* Supporting Files */ = {
			isa = PBXGroup;
			children = (
				22821E851DDFC31100063F87 /* main.m */,
			);
			name = "Supporting Files";
			sourceTree = "<group>";
		};
		22821E9D1DDFC31100063F87 /* AudioTests */ = {
			isa = PBXGroup;
			children = (
				22821E9E1DDFC31100063F87 /* AudioTests.m */,
				22821EA01DDFC31100063F87 /* Info.plist */,
			);
			path = AudioTests;
			sourceTree = "<group>";
		};
/* End PBXGroup section */

/* Begin PBXNativeTarget section */
		22821E801DDFC31100063F87 /* Audio */ = {
			isa = PBXNativeTarget;
			buildConfigurationList = 22821EA31DDFC31100063F87 /* Build configuration list for PBXNativeTarget "Audio" */;
			buildPhases = (
				22821E7D1DDFC31100063F87 /* Sources */,
				22821E7E1DDFC31100063F87 /* Frameworks */,
				22821E7F1DDFC31100063F87 /* Resources */,
			);
			buildRules = (
			);
			dependencies = (
			);
			name = Audio;
			productName = Audio;
			productReference = 22821E811DDFC31100063F87 /* Audio.app */;
			productType = "com.apple.product-type.application";
		};
		22821E991DDFC31100063F87 /* AudioTests */ = {
			isa = PBXNativeTarget;
			buildConfigurationList = 22821EA61DDFC31100063F87 /* Build configuration list for PBXNativeTarget "AudioTests" */;
			buildPhases = (
				22821E961DDFC31100063F87 /* Sources */,
				22821E971DDFC31100063F87 /* Frameworks */,
				22821E981DDFC31100063F87 /* Resources */,
			);
			buildRules = (
			);
			dependencies = (
				22821E9C1DDFC31100063F87 /* PBXTargetDependency */,
			);
			name = AudioTests;
			productName = AudioTests;
			productReference = 22821E9A1DDFC31100063F87 /* AudioTests.xctest */;
			productType = "com.apple.product-type.bundle.unit-test";
		};
/* End PBXNativeTarget section */

/* Begin PBXProject section */
		22821E791DDFC31100063F87 /* Project object */ = {
			isa = PBXProject;
			attributes = {
				LastUpgradeCheck = 0810;
				ORGANIZATIONNAME = "Sam Meech-Ward";
				TargetAttributes = {
					22821E801DDFC31100063F87 = {
						CreatedOnToolsVersion = 8.1;
						DevelopmentTeam = 7GT6EK8D4J;
						ProvisioningStyle = Automatic;
					};
					22821E991DDFC31100063F87 = {
						CreatedOnToolsVersion = 8.1;
						DevelopmentTeam = 7GT6EK8D4J;
						ProvisioningStyle = Automatic;
						TestTargetID = 22821E801DDFC31100063F87;
					};
				};
			};
			buildConfigurationList = 22821E7C1DDFC31100063F87 /* Build configuration list for PBXProject "Audio" */;
			compatibilityVersion = "Xcode 3.2";
			developmentRegion = English;
			hasScannedForEncodings = 0;
			knownRegions = (
				en,
				Base,
			);
			mainGroup = 22821E781DDFC31100063F87;
			productRefGroup = 22821E821DDFC31100063F87 /* Products */;
			projectDirPath = "";
			projectRoot = "";
			targets = (
				22821E801DDFC31100063F87 /* Audio */,
				22821E991DDFC31100063F87 /* AudioTests */,
			);
		};
/* End PBXProject section */

/* Begin PBXResourcesBuildPhase section */
		22821E7F1DDFC31100063F87 /* Resources */ = {
			isa = PBXResourcesBuildPhase;
			buildActionMask = 2147483647;
			files = (
				22821E941DDFC31100063F87 /* LaunchScreen.storyboard in Resources */,
				22821E911DDFC31100063F87 /* Assets.xcassets in Resources */,
				22821E8F1DDFC31100063F87 /* Main.storyboard in Resources */,
			);
			runOnlyForDeploymentPostprocessing = 0;
		};
		22821E981DDFC31100063F87 /* Resources */ = {
			isa = PBXResourcesBuildPhase;
			buildActionMask = 2147483647;
			files = (
			);
			runOnlyForDeploymentPostprocessing = 0;
		};
/* End PBXResourcesBuildPhase section */

/* Begin PBXSourcesBuildPhase section */
		22821E7D1DDFC31100063F87 /* Sources */ = {
			isa = PBXSourcesBuildPhase;
			buildActionMask = 2147483647;
			files = (
				22821E8C1DDFC31100063F87 /* ViewController.m in Sources */,
				22821E891DDFC31100063F87 /* AppDelegate.m in Sources */,
				22821E861DDFC31100063F87 /* main.m in Sources */,
			);
			runOnlyForDeploymentPostprocessing = 0;
		};
		22821E961DDFC31100063F87 /* Sources */ = {
			isa = PBXSourcesBuildPhase;
			buildActionMask = 2147483647;
			files = (
				22821E9F1DDFC31100063F87 /* AudioTests.m in Sources */,
			);
			runOnlyForDeploymentPostprocessing = 0;
		};
/* End PBXSourcesBuildPhase section */

/* Begin PBXTargetDependency section */
		22821E9C1DDFC31100063F87 /* PBXTargetDependency */ = {
			isa = PBXTargetDependency;
			target = 22821E801DDFC31100063F87 /* Audio */;
			targetProxy = 22821E9B1DDFC31100063F87 /* PBXContainerItemProxy */;
		};
/* End PBXTargetDependency section */

/* Begin PBXVariantGroup section */
		22821E8D1DDFC31100063F87 /* Main.storyboard */ = {
			isa = PBXVariantGroup;
			children = (
				22821E8E1DDFC31100063F87 /* Base */,
			);
			name = Main.storyboard;
			sourceTree = "<group>";
		};
		22821E921DDFC31100063F87 /* LaunchScreen.storyboard */ = {
			isa = PBXVariantGroup;
			children = (
				22821E931DDFC31100063F87 /* Base */,
			);
			name = LaunchScreen.storyboard;
			sourceTree = "<group>";
		};
/* End PBXVariantGroup section */

/* Begin XCBuildConfiguration section */
		22821EA11DDFC31100063F87 /* Debug */ = {
			isa = XCBuildConfiguration;
			buildSettings = {
				ALWAYS_SEARCH_USER_PATHS = NO;
				CLANG_ANALYZER_NONNULL = YES;
				CLANG_CXX_LANGUAGE_STANDARD = "gnu++0x";
				CLANG_CXX_LIBRARY = "libc++";
				CLANG_ENABLE_MODULES = YES;
				CLANG_ENABLE_OBJC_ARC = YES;
				CLANG_WARN_BOOL_CONVERSION = YES;
				CLANG_WARN_CONSTANT_CONVERSION = YES;
				CLANG_WARN_DIRECT_OBJC_ISA_USAGE = YES_ERROR;
				CLANG_WARN_DOCUMENTATION_COMMENTS = YES;
				CLANG_WARN_EMPTY_BODY = YES;
				CLANG_WARN_ENUM_CONVERSION = YES;
				CLANG_WARN_INFINITE_RECURSION = YES;
				CLANG_WARN_INT_CONVERSION = YES;
				CLANG_WARN_OBJC_ROOT_CLASS = YES_ERROR;
				CLANG_WARN_SUSPICIOUS_MOVES = YES;
				CLANG_WARN_UNREACHABLE_CODE = YES;
				CLANG_WARN__DUPLICATE_METHOD_MATCH = YES;
				"CODE_SIGN_IDENTITY[sdk=iphoneos*]" = "iPhone Developer";
				COPY_PHASE_STRIP = NO;
				DEBUG_INFORMATION_FORMAT = dwarf;
				ENABLE_STRICT_OBJC_MSGSEND = YES;
				ENABLE_TESTABILITY = YES;
				GCC_C_LANGUAGE_STANDARD = gnu99;
				GCC_DYNAMIC_NO_PIC = NO;
				GCC_NO_COMMON_BLOCKS = YES;
				GCC_OPTIMIZATION_LEVEL = 0;
				GCC_PREPROCESSOR_DEFINITIONS = (
					"DEBUG=1",
					"$(inherited)",
				);
				GCC_WARN_64_TO_32_BIT_CONVERSION = YES;
				GCC_WARN_ABOUT_RETURN_TYPE = YES_ERROR;
				GCC_WARN_UNDECLARED_SELECTOR = YES;
				GCC_WARN_UNINITIALIZED_AUTOS = YES_AGGRESSIVE;
				GCC_WARN_UNUSED_FUNCTION = YES;
				GCC_WARN_UNUSED_VARIABLE = YES;
				IPHONEOS_DEPLOYMENT_TARGET = 10.1;
				MTL_ENABLE_DEBUG_INFO = YES;
				ONLY_ACTIVE_ARCH = YES;
				SDKROOT = iphoneos;
				TARGETED_DEVICE_FAMILY = "1,2";
			};
			name = Debug;
		};
		22821EA21DDFC31100063F87 /* Release */ = {
			isa = XCBuildConfiguration;
			buildSettings = {
				ALWAYS_SEARCH_USER_PATHS = NO;
				CLANG_ANALYZER_NONNULL = YES;
				CLANG_CXX_LANGUAGE_STANDARD = "gnu++0x";
				CLANG_CXX_LIBRARY = "libc++";
				CLANG_ENABLE_MODULES = YES;
				CLANG_ENABLE_OBJC_ARC = YES;
				CLANG_WARN_BOOL_CONVERSION = YES;
				CLANG_WARN_CONSTANT_CONVERSION = YES;
				CLANG_WARN_DIRECT_OBJC_ISA_USAGE = YES_ERROR;
				CLANG_WARN_DOCUMENTATION_COMMENTS = YES;
				CLANG_WARN_EMPTY_BODY = YES;
				CLANG_WARN_ENUM_CONVERSION = YES;
				CLANG_WARN_INFINITE_RECURSION = YES;
				CLANG_WARN_INT_CONVERSION = YES;
				CLANG_WARN_OBJC_ROOT_CLASS = YES_ERROR;
				CLANG_WARN_SUSPICIOUS_MOVES = YES;
				CLANG_WARN_UNREACHABLE_CODE = YES;
				CLANG_WARN__DUPLICATE_METHOD_MATCH = YES;
				"CODE_SIGN_IDENTITY[sdk=iphoneos*]" = "iPhone Developer";
				COPY_PHASE_STRIP = NO;
				DEBUG_INFORMATION_FORMAT = "dwarf-with-dsym";
				ENABLE_NS_ASSERTIONS = NO;
				ENABLE_STRICT_OBJC_MSGSEND = YES;
				GCC_C_LANGUAGE_STANDARD = gnu99;
				GCC_NO_COMMON_BLOCKS = YES;
				GCC_WARN_64_TO_32_BIT_CONVERSION = YES;
				GCC_WARN_ABOUT_RETURN_TYPE = YES_ERROR;
				GCC_WARN_UNDECLARED_SELECTOR = YES;
				GCC_WARN_UNINITIALIZED_AUTOS = YES_AGGRESSIVE;
				GCC_WARN_UNUSED_FUNCTION = YES;
				GCC_WARN_UNUSED_VARIABLE = YES;
				IPHONEOS_DEPLOYMENT_TARGET = 10.1;
				MTL_ENABLE_DEBUG_INFO = NO;
				SDKROOT = iphoneos;
				TARGETED_DEVICE_FAMILY = "1,2";
				VALIDATE_PRODUCT = YES;
			};
			name = Release;
		};
		22821EA41DDFC31100063F87 /* Debug */ = {
			isa = XCBuildConfiguration;
			buildSettings = {
				ASSETCATALOG_COMPILER_APPICON_NAME = AppIcon;
				DEVELOPMENT_TEAM = 7GT6EK8D4J;
				INFOPLIST_FILE = Audio/Info.plist;
				LD_RUNPATH_SEARCH_PATHS = "$(inherited) @executable_path/Frameworks";
				PRODUCT_BUNDLE_IDENTIFIER = "com.meech-ward.test.Audio";
				PRODUCT_NAME = "$(TARGET_NAME)";
			};
			name = Debug;
		};
		22821EA51DDFC31100063F87 /* Release */ = {
			isa = XCBuildConfiguration;
			buildSettings = {
				ASSETCATALOG_COMPILER_APPICON_NAME = AppIcon;
				DEVELOPMENT_TEAM = 7GT6EK8D4J;
				INFOPLIST_FILE = Audio/Info.plist;
				LD_RUNPATH_SEARCH_PATHS = "$(inherited) @executable_path/Frameworks";
				PRODUCT_BUNDLE_IDENTIFIER = "com.meech-ward.test.Audio";
				PRODUCT_NAME = "$(TARGET_NAME)";
			};
			name = Release;
		};
		22821EA71DDFC31100063F87 /* Debug */ = {
			isa = XCBuildConfiguration;
			buildSettings = {
				BUNDLE_LOADER = "$(TEST_HOST)";
				DEVELOPMENT_TEAM = 7GT6EK8D4J;
				INFOPLIST_FILE = AudioTests/Info.plist;
				LD_RUNPATH_SEARCH_PATHS = "$(inherited) @executable_path/Frameworks @loader_path/Frameworks";
				PRODUCT_BUNDLE_IDENTIFIER = "com.meech-ward.test.AudioTests";
				PRODUCT_NAME = "$(TARGET_NAME)";
				TEST_HOST = "$(BUILT_PRODUCTS_DIR)/Audio.app/Audio";
			};
			name = Debug;
		};
		22821EA81DDFC31100063F87 /* Release */ = {
			isa = XCBuildConfiguration;
			buildSettings = {
				BUNDLE_LOADER = "$(TEST_HOST)";
				DEVELOPMENT_TEAM = 7GT6EK8D4J;
				INFOPLIST_FILE = AudioTests/Info.plist;
				LD_RUNPATH_SEARCH_PATHS = "$(inherited) @executable_path/Frameworks @loader_path/Frameworks";
				PRODUCT_BUNDLE_IDENTIFIER = "com.meech-ward.test.AudioTests";
				PRODUCT_NAME = "$(TARGET_NAME)";
				TEST_HOST = "$(BUILT_PRODUCTS_DIR)/Audio.app/Audio";
			};
			name = Release;
		};
/* End XCBuildConfiguration section */

/* Begin XCConfigurationList section */
		22821E7C1DDFC31100063F87 /* Build configuration list for PBXProject "Audio" */ = {
			isa = XCConfigurationList;
			buildConfigurations = (
				22821EA11DDFC31100063F87 /* Debug */,
				22821EA21DDFC31100063F87 /* Release */,
			);
			defaultConfigurationIsVisible = 0;
			defaultConfigurationName = Release;
		};
		22821EA31DDFC31100063F87 /* Build configuration list for PBXNativeTarget "Audio" */ = {
			isa = XCConfigurationList;
			buildConfigurations = (
				22821EA41DDFC31100063F87 /* Debug */,
				22821EA51DDFC31100063F87 /* Release */,
			);
			defaultConfigurationIsVisible = 0;
		};
		22821EA61DDFC31100063F87 /* Build configuration list for PBXNativeTarget "AudioTests" */ = {
			isa = XCConfigurationList;
			buildConfigurations = (
				22821EA71DDFC31100063F87 /* Debug */,
				22821EA81DDFC31100063F87 /* Release */,
			);
			defaultConfigurationIsVisible = 0;
		};
/* End XCConfigurationList section */
	};
	rootObject = 22821E791DDFC31100063F87 /* Project object */;
}
